rules_version = '2';
service cloud.firestore {
  match /databases/{database}/documents {
    
    // ===============================================================
    // Assumed Data Model
    // ===============================================================
    //
    // Collection: users
    // Document ID: {uid}
    // Fields:
    //   - uid: string (required) - The user's unique ID.
    //   - displayName: string (required) - The user's display name.
    //   - photoURL: string (optional) - The user's profile photo URL.
    //   - creatorId: integer (required) - The user's unique creator ID.
    //   - createdAt: string (required, ISO 8601) - When the user joined.
    //
    // Collection: weeks
    // Document ID: {weekId}
    // Fields:
    //   - id: string (required) - The week's unique ID.
    //   - name: string (required) - The name of the week.
    //   - creatorUid: string (required) - The UID of the creator.
    //   - creatorName: string (required) - The display name of the creator.
    //   - creatorId: integer (required) - The creator's ID.
    //   - description: string (optional) - A brief description.
    //   - thumbnail: string (required) - URL to the thumbnail image.
    //   - songs: list (required) - List of song names.
    //   - difficulty: number (optional) - Average community difficulty rating.
    //   - likesCount: integer (optional) - Total number of likes.
    //   - commentsCount: integer (optional) - Total number of comments.
    //   - data: string (required) - The serialized JSON/ZIP data.
    //   - createdAt: string (required, ISO 8601) - When the week was uploaded.
    //
    // Subcollection: weeks/{weekId}/likes
    // Document ID: {uid}
    // Fields:
    //   - uid: string (required) - The UID of the user who liked.
    //   - weekId: string (required) - The ID of the week liked.
    //   - createdAt: string (required, ISO 8601) - When the like occurred.
    //
    // Subcollection: weeks/{weekId}/comments
    // Document ID: {commentId}
    // Fields:
    //   - id: string (required) - The comment's unique ID.
    //   - weekId: string (required) - The ID of the week commented on.
    //   - uid: string (required) - The UID of the commenter.
    //   - userName: string (required) - The display name of the commenter.
    //   - userPhoto: string (optional) - The profile photo of the commenter.
    //   - text: string (required) - The comment text.
    //   - createdAt: string (required, ISO 8601) - When the comment was posted.
    //
    // Collection: posts
    // Document ID: {postId}
    // Fields:
    //   - id: string (required) - The post's unique ID.
    //   - uid: string (required) - The UID of the creator.
    //   - userName: string (required) - The display name of the creator.
    //   - userPhoto: string (optional) - The profile photo of the creator.
    //   - content: string (required) - The text content of the post.
    //   - links: list (optional) - List of URLs.
    //   - likesCount: integer (optional) - Total number of likes.
    //   - createdAt: string (required, ISO 8601) - When the post was created.
    //
    // Collection: counters
    // Document ID: users
    // Fields:
    //   - count: integer (required) - The current count.
    //
    // ===============================================================

    // ===============================================================
    // Helper Functions
    // ===============================================================
    
    function isAuthenticated() {
      return request.auth != null;
    }

    function isOwner(userId) {
      return isAuthenticated() && request.auth.uid == userId;
    }

    function isDocOwner() {
      return isAuthenticated() && request.auth.uid == resource.data.uid;
    }

    function isCreator() {
      return isAuthenticated() && request.auth.uid == resource.data.creatorUid;
    }

    function isValidDateString(dateStr) {
      return dateStr is string &&
        dateStr.matches("^\\d{4}-\\d{2}-\\d{2}T\\d{2}:\\d{2}:\\d{2}.*Z?$");
    }

    function isValidUrl(url) {
      return url is string && (url.matches("^https://.*") || url.matches("^http://.*"));
    }

    function hasOnlyAllowedFields(fields) {
      return request.resource.data.keys().hasOnly(fields);
    }

    function isAdmin() {
      return isAuthenticated() &&
        (get(/databases/$(database)/documents/users/$(request.auth.uid)).data.role == 'admin' ||
          (request.auth.token.email == "hhhh1000029@gmail.com" && request.auth.token.email_verified == true));
    }

    // ===============================================================
    // Domain Validators
    // ===============================================================

    function isValidUser(data) {
      return hasOnlyAllowedFields(['uid', 'displayName', 'photoURL', 'creatorId', 'createdAt', 'role']) &&
             data.uid is string && data.uid == request.auth.uid &&
             data.displayName is string && data.displayName.size() > 0 && data.displayName.size() < 100 &&
             (data.photoURL == null || (data.photoURL is string && data.photoURL.size() < 1000)) &&
             data.creatorId is int && data.creatorId > 0 &&
             isValidDateString(data.createdAt);
    }

    function isValidWeek(data) {
      return hasOnlyAllowedFields(['id', 'name', 'creatorUid', 'creatorName', 'creatorId', 'description', 'thumbnail', 'songs', 'difficulty', 'likesCount', 'commentsCount', 'data', 'createdAt']) &&
             data.id is string && data.id.size() > 0 &&
             data.name is string && data.name.size() > 0 && data.name.size() < 200 &&
             data.creatorUid is string && data.creatorUid == request.auth.uid &&
             data.creatorName is string && data.creatorName.size() > 0 &&
             data.creatorId is int &&
             (data.description == null || (data.description is string && data.description.size() < 2000)) &&
             isValidUrl(data.thumbnail) &&
             data.songs is list && data.songs.size() <= 20 &&
             (data.difficulty == null || (data.difficulty is number && data.difficulty >= 0 && data.difficulty <= 10)) &&
             (data.likesCount == null || data.likesCount is int) &&
             (data.commentsCount == null || data.commentsCount is int) &&
             data.data is string && data.data.size() < 1000000 && // 1MB limit for serialized data
             isValidDateString(data.createdAt);
    }

    function isValidLike(data, weekOrPostId) {
      return hasOnlyAllowedFields(['uid', 'weekId', 'id', 'createdAt']) &&
             data.uid is string && data.uid == request.auth.uid &&
             (data.weekId == weekOrPostId || data.id == weekOrPostId) &&
             isValidDateString(data.createdAt);
    }

    function isValidComment(data, weekId) {
      return hasOnlyAllowedFields(['id', 'weekId', 'uid', 'userName', 'userPhoto', 'text', 'createdAt']) &&
             data.id is string && data.id.size() > 0 &&
             data.weekId == weekId &&
             data.uid is string && data.uid == request.auth.uid &&
             data.userName is string && data.userName.size() > 0 &&
             (data.userPhoto == null || (data.userPhoto is string && data.userPhoto.size() < 1000)) &&
             data.text is string && data.text.size() > 0 && data.text.size() < 5000 &&
             isValidDateString(data.createdAt);
    }

    function isValidPost(data) {
      return hasOnlyAllowedFields(['id', 'uid', 'userName', 'userPhoto', 'content', 'links', 'likesCount', 'createdAt']) &&
             data.id is string && data.id.size() > 0 &&
             data.uid is string && data.uid == request.auth.uid &&
             data.userName is string && data.userName.size() > 0 &&
             (data.userPhoto == null || (data.userPhoto is string && data.userPhoto.size() < 1000)) &&
             data.content is string && data.content.size() > 0 && data.content.size() < 10000 &&
             (data.links == null || (data.links is list && data.links.size() <= 10)) &&
             (data.likesCount == null || data.likesCount is int) &&
             isValidDateString(data.createdAt);
    }

    function isValidCounterUpdate(weekId, field) {
      return request.resource.data.diff(resource.data).affectedKeys().hasOnly([field]) &&
             math.abs(request.resource.data[field] - resource.data[field]) == 1 &&
             (
               (request.resource.data[field] > resource.data[field] && 
                !exists(/databases/$(database)/documents/weeks/$(weekId)/likes/$(request.auth.uid)) &&
                getAfter(/databases/$(database)/documents/weeks/$(weekId)/likes/$(request.auth.uid)) != null) ||
               (request.resource.data[field] < resource.data[field] && 
                exists(/databases/$(database)/documents/weeks/$(weekId)/likes/$(request.auth.uid)) &&
                getAfter(/databases/$(database)/documents/weeks/$(weekId)/likes/$(request.auth.uid)) == null)
             );
    }

    // ===============================================================
    // Rules
    // ===============================================================

    match /users/{uid} {
      allow read: if true;
      allow create: if isOwner(uid) && isValidUser(request.resource.data) && 
                      (!('role' in request.resource.data) || request.resource.data.role == 'user');
      allow update: if isOwner(uid) && isValidUser(request.resource.data) && 
                      request.resource.data.creatorId == resource.data.creatorId &&
                      request.resource.data.createdAt == resource.data.createdAt &&
                      (request.resource.data.role == resource.data.role || isAdmin());
    }

    match /weeks/{weekId} {
      allow read: if true;
      allow create: if isAuthenticated() && isValidWeek(request.resource.data);
      allow update: if (isCreator() && isValidWeek(request.resource.data) && 
                        request.resource.data.createdAt == resource.data.createdAt &&
                        request.resource.data.id == resource.data.id) || 
                      (isAuthenticated() && isValidCounterUpdate(weekId, 'likesCount'));
      allow delete: if isCreator() || isAdmin();

      match /likes/{uid} {
        allow read: if true;
        allow create: if isOwner(uid) && isValidLike(request.resource.data, weekId);
        allow delete: if isOwner(uid) || isAdmin();
      }

      match /comments/{commentId} {
        allow read: if true;
        allow create: if isAuthenticated() && isValidComment(request.resource.data, weekId);
        allow delete: if isOwner(resource.data.uid) || isAdmin();
      }

      match /chunks/{chunkId} {
        allow read: if true;
        allow create: if isAuthenticated() && request.auth.uid == get(/databases/$(database)/documents/weeks/$(weekId)).data.creatorUid;
        allow delete: if isAuthenticated() && (request.auth.uid == get(/databases/$(database)/documents/weeks/$(weekId)).data.creatorUid || isAdmin());
      }
    }

    match /posts/{postId} {
      allow read: if true;
      allow create: if isAuthenticated() && isValidPost(request.resource.data);
      allow update: if (isDocOwner() && isValidPost(request.resource.data) &&
                        request.resource.data.createdAt == resource.data.createdAt &&
                        request.resource.data.id == resource.data.id) ||
                      (isAuthenticated() && 
                       request.resource.data.diff(resource.data).affectedKeys().hasOnly(['likesCount']) &&
                       math.abs(request.resource.data.likesCount - resource.data.likesCount) == 1);
      allow delete: if isDocOwner() || isAdmin();

      match /likes/{uid} {
        allow read: if true;
        allow create: if isOwner(uid) && (isValidLike(request.resource.data, postId) || request.resource.data.id == postId);
        allow delete: if isOwner(uid) || isAdmin();
      }
    }

    match /counters/users {
      allow read: if isAuthenticated();
      allow create: if isAuthenticated() && request.resource.data.count == 1;
      allow update: if isAuthenticated() && 
                      request.resource.data.count == resource.data.count + 1 &&
                      request.resource.data.keys().hasOnly(['count']);
    }

    match /test/{docId} {
      allow read: if true;
    }

    // Default deny
    match /{path=**} {
      allow read, write: if false;
    }
  }
}
